lockVersion: 2.0.0
id: 6dd561c1-5821-4b5e-bf0d-a61dbb2adf74
management:
  docChecksum: 827b580b2cbff111d08543f8e6968671
  docVersion: 24.1.4
  speakeasyVersion: internal
  generationVersion: internal
  releaseVersion: 0.3.0
  configChecksum: 6af5ae7e69052cb2873b8add46f14b68
features:
  mcp-typescript:
    additionalDependencies: 0.1.0
    core: 0.5.0
    defaultEnabledRetries: 0.1.0
    enumUnions: 0.1.0
    flattening: 0.1.0
    globalSecurity: 0.1.1
    globalSecurityCallbacks: 0.0.0
    globalServerURLs: 0.1.0
    responseFormat: 0.1.0
    retries: 0.1.0
    sdkHooks: 0.2.0
    unions: 0.1.2
generatedFiles:
  - .dxtignore
  - .gitattributes
  - .npmignore
  - eslint.config.mjs
  - manifest.json
  - package.json
  - src/core.ts
  - src/funcs/endpointsCreateEndpoint.ts
  - src/funcs/endpointsGetEndpoint.ts
  - src/funcs/endpointsGetEndpoints.ts
  - src/hooks/hooks.ts
  - src/hooks/types.ts
  - src/lib/base64.ts
  - src/lib/config.ts
  - src/lib/dlv.ts
  - src/lib/encodings.ts
  - src/lib/files.ts
  - src/lib/http.ts
  - src/lib/is-plain-object.ts
  - src/lib/logger.ts
  - src/lib/matchers.ts
  - src/lib/primitives.ts
  - src/lib/result.ts
  - src/lib/retries.ts
  - src/lib/schemas.ts
  - src/lib/sdks.ts
  - src/lib/security.ts
  - src/lib/url.ts
  - src/mcp-server/build.mts
  - src/mcp-server/cli.ts
  - src/mcp-server/cli/start/command.ts
  - src/mcp-server/cli/start/impl.ts
  - src/mcp-server/console-logger.ts
  - src/mcp-server/extensions.ts
  - src/mcp-server/mcp-server.ts
  - src/mcp-server/prompts.ts
  - src/mcp-server/resources.ts
  - src/mcp-server/scopes.ts
  - src/mcp-server/server.ts
  - src/mcp-server/shared.ts
  - src/mcp-server/tools.ts
  - src/mcp-server/tools/endpointsCreateEndpoint.ts
  - src/mcp-server/tools/endpointsGetEndpoint.ts
  - src/mcp-server/tools/endpointsGetEndpoints.ts
  - src/models/apikey.ts
  - src/models/createendpoint.ts
  - src/models/createendpointop.ts
  - src/models/endpointauthentication.ts
  - src/models/endpointauthenticationtype.ts
  - src/models/endpointresponse.ts
  - src/models/endpointstatus.ts
  - src/models/errors/apierror.ts
  - src/models/errors/httpclienterrors.ts
  - src/models/errors/sdkvalidationerror.ts
  - src/models/getendpointop.ts
  - src/models/getendpointsop.ts
  - src/models/object.ts
  - src/models/paginationdata.ts
  - src/models/secret.ts
  - src/models/security.ts
  - src/types/async.ts
  - src/types/blobs.ts
  - src/types/enums.ts
  - src/types/fp.ts
  - src/types/rfcdate.ts
  - src/types/streams.ts
  - tsconfig.json
examplesVersion: 1.0.2
