speakeasyVersion: 1.680.3
sources:
    spec:
        sourceNamespace: spec
        sourceRevisionDigest: sha256:a8e434cfcffda95ebba110aaa4364ea3fd7299e72401c463f1c4815ff6667103
        sourceBlobDigest: sha256:5d0b83c4c8f072d10c68b81acc43378368fe64a2bbb06f2111c8b072974c51c0
        tags:
            - latest
            - speakeasy-sdk-regen-1766409104
            - 24.1.4
targets:
    convoy-mcp-typescript:
        source: spec
        sourceNamespace: spec
        sourceRevisionDigest: sha256:a8e434cfcffda95ebba110aaa4364ea3fd7299e72401c463f1c4815ff6667103
        sourceBlobDigest: sha256:5d0b83c4c8f072d10c68b81acc43378368fe64a2bbb06f2111c8b072974c51c0
workflow:
    workflowVersion: 1.0.0
    speakeasyVersion: latest
    sources:
        spec:
            inputs:
                - location: openapi.yaml
            registry:
                location: registry.speakeasyapi.dev/speakeasy-self/speakeasy-self/spec
    targets:
        convoy-mcp-typescript:
            target: mcp-typescript
            source: spec
            publish:
                npm:
                    token: $npm_token
