speakeasyVersion: 1.796.4
sources:
    spec:
        sourceNamespace: spec
        sourceRevisionDigest: sha256:d50dd5d12b50f39c68738e4287ca6173846b3546a608a8ad2de7596f7393725d
        sourceBlobDigest: sha256:9c01ef3ef2d03e9f77a29cabe1fe4edc1dbced45ea101505fcf186e59a3fa523
        tags:
            - latest
            - 24.1.4
targets:
    convoy-mcp-typescript:
        source: spec
        sourceNamespace: spec
        sourceRevisionDigest: sha256:d50dd5d12b50f39c68738e4287ca6173846b3546a608a8ad2de7596f7393725d
        sourceBlobDigest: sha256:9c01ef3ef2d03e9f77a29cabe1fe4edc1dbced45ea101505fcf186e59a3fa523
workflow:
    workflowVersion: 1.0.0
    speakeasyVersion: latest
    sources:
        spec:
            inputs:
                - location: openapi.yaml
            registry:
                location: registry.speakeasyapi.dev/speakeasy-self/speakeasy-self/spec
    targets:
        convoy-mcp-typescript:
            target: mcp-typescript
            source: spec
            publish:
                npm:
                    token: $npm_token
